# This file is autogenerated, do not edit; changes may be undone by the next 'dep ensure'.


[[projects]]
  branch = "master"
  digest = "1:1ea40d04df057590adda9d3a9c2bb603caf8052fa37eed2fd3fe83028c21f41e"
  name = "code.cloudfoundry.org/cflager"
  packages = ["."]
  pruneopts = ""
  revision = "002c779497033f95ed65c36538bd7717adcd3960"

[[projects]]
  branch = "master"
  digest = "1:79b84ded24b1338dedccd54b7f67ec966407ce4634bd5ccb2560da762619387e"
  name = "code.cloudfoundry.org/lager"
  packages = [
    ".",
    "lagerctx",
    "lagertest",
  ]
  pruneopts = ""
  revision = "0bfa98e49e7a976af91e918d47978f07c00b081f"

[[projects]]
  branch = "master"
  digest = "1:40d5dc9e1fdceb1640f25f9cc14a603de101ec322977b234f7657d7fc2aec833"
  name = "code.cloudfoundry.org/tlsconfig"
  packages = [
    ".",
    "certtest",
  ]
  pruneopts = ""
  revision = "eb9396db5a718d9d9a3c5ee0af6baafa56e5e76b"

[[projects]]
  branch = "master"
  digest = "1:161c9da585ffb7b64a710712444d368a902fc243514a5d6ca0550fd89afab96a"
  name = "github.com/cloudfoundry-incubator/switchboard"
  packages = ["api/middleware"]
  pruneopts = ""
  revision = "5d1e4b69f681d2f6a6121eebe4e87ea6965f0f9e"

[[projects]]
  digest = "1:b3c5b95e56c06f5aa72cb2500e6ee5f44fcd122872d4fec2023a488e561218bc"
  name = "github.com/hpcloud/tail"
  packages = [
    ".",
    "ratelimiter",
    "util",
    "watch",
    "winfile",
  ]
  pruneopts = ""
  revision = "a30252cb686a21eb2d0b98132633053ec2f7f1e5"
  version = "v1.0.0"

[[projects]]
  digest = "1:012684836b98fe30c53f8536c01325c52622f420fa27c1fb3ca8a1471c469606"
  name = "github.com/imdario/mergo"
  packages = ["."]
  pruneopts = ""
  revision = "7fe0c75c13abdee74b09fcacef5ea1c6bba6a874"
  version = "0.2.4"

[[projects]]
  branch = "master"
  digest = "1:55c48c9cfdf8bab6f4911f621616fbe223c0b72a6df9aab6b172ab7e5cfc6bd2"
  name = "github.com/nu7hatch/gouuid"
  packages = ["."]
  pruneopts = ""
  revision = "179d4d0c4d8d407a32af483c2354df1d2c91e6c3"

[[projects]]
  digest = "1:7d91dd44311060450afe8aecfaeb1d13f02b60eb75b6dd2e04168aa02524772c"
  name = "github.com/onsi/ginkgo"
  packages = [
    ".",
    "config",
    "internal/codelocation",
    "internal/containernode",
    "internal/failer",
    "internal/leafnodes",
    "internal/remote",
    "internal/spec",
    "internal/spec_iterator",
    "internal/specrunner",
    "internal/suite",
    "internal/testingtproxy",
    "internal/writer",
    "reporters",
    "reporters/stenographer",
    "reporters/stenographer/support/go-colorable",
    "reporters/stenographer/support/go-isatty",
    "types",
  ]
  pruneopts = ""
  revision = "388ac7e50a3abf0798010091d5094171f4aefc0b"
  version = "v1.11.0"

[[projects]]
  digest = "1:7629480825744221a7f0f05ce8f054692758b3619677c0beff8afc4f5d1dbb1e"
  name = "github.com/onsi/gomega"
  packages = [
    ".",
    "format",
    "gbytes",
    "gexec",
    "internal/assertion",
    "internal/asyncassertion",
    "internal/oraclematcher",
    "internal/testingtsupport",
    "matchers",
    "matchers/support/goraph/bipartitegraph",
    "matchers/support/goraph/edge",
    "matchers/support/goraph/node",
    "matchers/support/goraph/util",
    "types",
  ]
  pruneopts = ""
  revision = "22a9feb22fe99439870ed2e013401725a9d495df"
  version = "v1.8.1"

[[projects]]
  branch = "master"
  digest = "1:5df5512e169f03e59ae4c598d161e43307dac055e825a3663562271fa0e1852f"
  name = "github.com/pivotal-cf-experimental/service-config"
  packages = ["."]
  pruneopts = ""
  revision = "b1dc94de6ada8bfddf159ce2234958a8f02aec77"

[[projects]]
  digest = "1:1d7e1867c49a6dd9856598ef7c3123604ea3daabf5b83f303ff457bcbc410b1d"
  name = "github.com/pkg/errors"
  packages = ["."]
  pruneopts = ""
  revision = "ba968bfe8b2f7e042a574c888954fccecfa385b4"
  version = "v0.8.1"

[[projects]]
  branch = "master"
  digest = "1:ea92eae2f65a7b4fa3c64e57d2e834cf613b13ae61febe0e174bde9bba230151"
  name = "github.com/square/certstrap"
  packages = ["pkix"]
  pruneopts = ""
  revision = "350df15b3713d535548735ea754726228b00c742"

[[projects]]
  branch = "master"
  digest = "1:447831205e1c85dbf1e6f97cb8ca54931452c6aff79c630ea091ecbbdc2e921e"
  name = "golang.org/x/net"
  packages = [
    "html",
    "html/atom",
    "html/charset",
  ]
  pruneopts = ""
  revision = "a8b9294777976932365dabb6640cf1468d95c70f"

[[projects]]
  branch = "master"
  digest = "1:a9b593bd80a86f44d3334e03e966cf2800ec5f01cc4464a5a2ac3424e12ec84e"
  name = "golang.org/x/sys"
  packages = ["unix"]
  pruneopts = ""
  revision = "9167dbfd0f8e88b731dd88cbf73a270701a37bb4"

[[projects]]
  branch = "master"
  digest = "1:f327aaa70ddb1a01208c3b1e655e79374662c1abc77053484b5cf1cd0d46ca03"
  name = "golang.org/x/text"
  packages = [
    "encoding",
    "encoding/charmap",
    "encoding/htmlindex",
    "encoding/internal",
    "encoding/internal/identifier",
    "encoding/japanese",
    "encoding/korean",
    "encoding/simplifiedchinese",
    "encoding/traditionalchinese",
    "encoding/unicode",
    "internal/gen",
    "internal/tag",
    "internal/utf8internal",
    "language",
    "runes",
    "transform",
    "unicode/cldr",
  ]
  pruneopts = ""
  revision = "57961680700a5336d15015c8c50686ca5ba362a4"

[[projects]]
  branch = "master"
  digest = "1:9d4ac09a835404ae9306c6e1493cf800ecbb0f3f828f4333b3e055de4c962eea"
  name = "golang.org/x/xerrors"
  packages = [
    ".",
    "internal",
  ]
  pruneopts = ""
  revision = "9bdfabe68543c54f90421aeb9a60ef8061b5b544"

[[projects]]
  digest = "1:eb53021a8aa3f599d29c7102e65026242bdedce998a54837dc67f14b6a97c5fd"
  name = "gopkg.in/fsnotify.v1"
  packages = ["."]
  pruneopts = ""
  revision = "c2828203cd70a50dcccfb2761f8b1f8ceef9a8e9"
  source = "https://github.com/fsnotify/fsnotify.git"
  version = "v1.4.7"

[[projects]]
  branch = "v1"
  digest = "1:a96d16bd088460f2e0685d46c39bcf1208ba46e0a977be2df49864ec7da447dd"
  name = "gopkg.in/tomb.v1"
  packages = ["."]
  pruneopts = ""
  revision = "dd632973f1e7218eb1089048e0798ec9ae7dceb8"

[[projects]]
  branch = "v2"
  digest = "1:f769ed60e075e4221612c2f4162fccc9d3795ef358fa463425e3b3d7a5debb27"
  name = "gopkg.in/yaml.v2"
  packages = ["."]
  pruneopts = ""
  revision = "287cf08546ab5e7e37d55a84f7ed3fd1db036de5"

[solve-meta]
  analyzer-name = "dep"
  analyzer-version = 1
  input-imports = [
    "code.cloudfoundry.org/cflager",
    "code.cloudfoundry.org/lager",
    "code.cloudfoundry.org/lager/lagertest",
    "code.cloudfoundry.org/tlsconfig",
    "code.cloudfoundry.org/tlsconfig/certtest",
    "github.com/cloudfoundry-incubator/switchboard/api/middleware",
    "github.com/nu7hatch/gouuid",
    "github.com/onsi/ginkgo",
    "github.com/onsi/gomega",
    "github.com/onsi/gomega/gexec",
    "github.com/pivotal-cf-experimental/service-config",
    "github.com/pkg/errors",
    "gopkg.in/yaml.v2",
  ]
  solver-name = "gps-cdcl"
  solver-version = 1
